{
  "nodes": {
    "advisory-db": {
      "flake": false,
      "locked": {
        "lastModified": 1769407479,
        "narHash": "sha256-ByIwFH/JsWtIpANhSjoQmx3JnPLUQL+wDZYMb6+GxhE=",
        "owner": "rustsec",
        "repo": "advisory-db",
        "rev": "6e8c8d3103a0c56f1581409ebcaba1bc9f2fc799",
        "type": "github"
      },
      "original": {
        "owner": "rustsec",
        "repo": "advisory-db",
        "type": "github"
      }
    },
    "crane": {
      "locked": {
        "lastModified": 1769287525,
        "narHash": "sha256-gABuYA6BzoRMLuPaeO5p7SLrpd4qExgkwEmYaYQY4bM=",
        "owner": "ipetkov",
        "repo": "crane",
        "rev": "0314e365877a85c9e5758f9ea77a9972afbb4c21",
        "type": "github"
      },
      "original": {
        "owner": "ipetkov",
        "repo": "crane",
        "type": "github"
      }
    },
    "fenix": {
      "inputs": {
        "nixpkgs": [
          "nixpkgs"
        ],
        "rust-analyzer-src": "rust-analyzer-src"
      },
      "locked": {
        "lastModified": 1788433075,
        "narHash": "sha256-8j/0mNhbRbJQ7KyGxtS3vEeNhT5cK8NEM2ZQr03uOrU=",
        "owner": "nix-community",
        "repo": "fenix",
        "rev": "c957e2d0e505ad7be04c7f2f2f3d7885fb9e242c",
        "type": "github"
      },
      "original": {
        "owner": "nix-community",
        "repo": "fenix",
        "type": "github"
      }
    },
    "flake-compat": {
      "flake": false,
      "locked": {
        "lastModified": 1733328505,
        "narHash": "sha256-NeCCThCEP3eCl2l/+27kNNK7QrwZB1IJCrXfrbv5oqU=",
        "owner": "edolstra",
        "repo": "flake-compat",
        "rev": "ff81ac966bb2cae68946d5ed5fc4994f96d0ffec",
        "type": "github"
      },
      "original": {
        "owner": "edolstra",
        "repo": "flake-compat",
        "type": "github"
      }
    },
    "flake-parts": {
      "inputs": {
        "nixpkgs-lib": [
          "nixpkgs"
        ]
      },
      "locked": {
        "lastModified": 1788450739,
        "narHash": "sha256-glZLQlzIn1fXH6PazR2iUmTo7kzzyYSshrWhLS9TqCU=",
        "owner": "hercules-ci",
        "repo": "flake-parts",
        "rev": "31729ca8cbdb4fa927b34e5f4353e6a83f39e993",
        "type": "github"
      },
      "original": {
        "owner": "hercules-ci",
        "repo": "flake-parts",
        "type": "github"
      }
    },
    "flake-utils": {
      "inputs": {
        "systems": "systems"
      },
      "locked": {
        "lastModified": 1731533236,
        "narHash": "sha256-l0KFg5HjrsfsO/JpG+r7fRrqm12kzFHyUHqHCVpMMbI=",
        "owner": "numtide",
        "repo": "flake-utils",
        "rev": "11707dc2f618dd54ca8739b309ec4fc024de578b",
        "type": "github"
      },
      "original": {
        "owner": "numtide",
        "repo": "flake-utils",
        "type": "github"
      }
    },
    "gitignore": {
      "inputs": {
        "nixpkgs": [
          "roc",
          "nixpkgs"
        ]
      },
      "locked": {
        "lastModified": 1762808025,
        "narHash": "sha256-XmjITeZNMTQXGhhww6ed/Wacy2KzD6svioyCX7pkUu4=",
        "owner": "hercules-ci",
        "repo": "gitignore.nix",
        "rev": "cb5e3fdca1de58ccbc3ef53de65bd372b48f567c",
        "type": "github"
      },
      "original": {
        "owner": "hercules-ci",
        "repo": "gitignore.nix",
        "type": "github"
      }
    },
    "gitignore_2": {
      "inputs": {
        "nixpkgs": [
          "templ",
          "nixpkgs"
        ]
      },
      "locked": {
        "lastModified": 1762808025,
        "narHash": "sha256-XmjITeZNMTQXGhhww6ed/Wacy2KzD6svioyCX7pkUu4=",
        "owner": "hercules-ci",
        "repo": "gitignore.nix",
        "rev": "cb5e3fdca1de58ccbc3ef53de65bd372b48f567c",
        "type": "github"
      },
      "original": {
        "owner": "hercules-ci",
        "repo": "gitignore.nix",
        "type": "github"
      }
    },
    "juan-logs-src": {
      "flake": false,
      "locked": {
        "lastModified": 1780459454,
        "narHash": "sha256-6MDoMfgMf26rNKHDx1IOa9Uk881ZlEg3OhB+9UUKMsY=",
        "owner": "minigian",
        "repo": "juan-logs.nvim",
        "rev": "77c1f22d57205f88298215a77139d71cd1c00ad8",
        "type": "github"
      },
      "original": {
        "owner": "minigian",
        "repo": "juan-logs.nvim",
        "type": "github"
      }
    },
    "neovim-nightly-overlay": {
      "inputs": {
        "flake-parts": [
          "flake-parts"
        ],
        "neovim-src": "neovim-src",
        "nixpkgs": [
          "nixpkgs"
        ]
      },
      "locked": {
        "lastModified": 1788480159,
        "narHash": "sha256-kJUR5CBO0vHbv4yr928sY60LX/SIYMve4ErMBX9QmWI=",
        "owner": "nix-community",
        "repo": "neovim-nightly-overlay",
        "rev": "64881b6f6207e36da03010d011d438829230e29a",
        "type": "github"
      },
      "original": {
        "owner": "nix-community",
        "repo": "neovim-nightly-overlay",
        "type": "github"
      }
    },
    "neovim-src": {
      "flake": false,
      "locked": {
        "lastModified": 1788463230,
        "narHash": "sha256-3K9uQyHP/G8EXvfBLmUq5acGa9EwfrsgbGtepS+UwSw=",
        "owner": "neovim",
        "repo": "neovim",
        "rev": "5209695703db4096923c203f235d78aec0cbdec8",
        "type": "github"
      },
      "original": {
        "owner": "neovim",
        "repo": "neovim",
        "type": "github"
      }
    },
    "nix-appimage": {
      "inputs": {
        "flake-compat": "flake-compat",
        "flake-utils": [
          "flake-utils"
        ],
        "nixpkgs": [
          "nixpkgs"
        ]
      },
      "locked": {
        "lastModified": 1757920913,
        "narHash": "sha256-jd0QwCVz4O1sHHkeaZILD/7D6oyalceEJ4EFnWCgm0k=",
        "owner": "ralismark",
        "repo": "nix-appimage",
        "rev": "7946addbc0d97e358a6d7aefe5e82310f0fe6b18",
        "type": "github"
      },
      "original": {
        "owner": "ralismark",
        "repo": "nix-appimage",
        "type": "github"
      }
    },
    "nixpkgs": {
      "locked": {
        "lastModified": 1788372231,
        "narHash": "sha256-7aqErvrAEz/5OcPA5p3M+tVOqeYc4oJXkNIPXfCqxAw=",
        "owner": "NixOS",
        "repo": "nixpkgs",
        "rev": "9387b3fcc0c23c86661636da63faabad4235a0a6",
        "type": "github"
      },
      "original": {
        "owner": "NixOS",
        "ref": "nixpkgs-unstable",
        "repo": "nixpkgs",
        "type": "github"
      }
    },
    "nixpkgs_2": {
      "locked": {
        "lastModified": 1779560665,
        "narHash": "sha256-tpyBcxPpcQb8ukyNF7DoCwfSY3VPsxHoYwj00Cayv5o=",
        "owner": "NixOS",
        "repo": "nixpkgs",
        "rev": "64c08a7ca051951c8eae34e3e3cb1e202fe36786",
        "type": "github"
      },
      "original": {
        "owner": "NixOS",
        "ref": "nixos-unstable",
        "repo": "nixpkgs",
        "type": "github"
      }
    },
    "nixpkgs_3": {
      "locked": {
        "lastModified": 1769330179,
        "narHash": "sha256-yxgb4AmkVHY5OOBrC79Vv6EVd4QZEotqv+6jcvA212M=",
        "owner": "NixOS",
        "repo": "nixpkgs",
        "rev": "48698d12cc10555a4f3e3222d9c669b884a49dfe",
        "type": "github"
      },
      "original": {
        "owner": "NixOS",
        "ref": "nixpkgs-unstable",
        "repo": "nixpkgs",
        "type": "github"
      }
    },
    "nixpkgs_4": {
      "locked": {
        "lastModified": 1744536153,
        "narHash": "sha256-awS2zRgF4uTwrOKwwiJcByDzDOdo3Q1rPZbiHQg/N38=",
        "owner": "NixOS",
        "repo": "nixpkgs",
        "rev": "18dd725c29603f582cf1900e0d25f9f1063dbf11",
        "type": "github"
      },
      "original": {
        "owner": "NixOS",
        "ref": "nixpkgs-unstable",
        "repo": "nixpkgs",
        "type": "github"
      }
    },
    "plugins-argmark": {
      "flake": false,
      "locked": {
        "lastModified": 1762305486,
        "narHash": "sha256-n4msk2ZFVfio5+9+LUGmTru4s11xuwnrZxPlXKXOYF4=",
        "owner": "BirdeeHub",
        "repo": "argmark",
        "rev": "abe66e41a12c000b425f6ee156931c4714b3919e",
        "type": "github"
      },
      "original": {
        "owner": "BirdeeHub",
        "repo": "argmark",
        "type": "github"
      }
    },
    "plugins-fn_finder": {
      "flake": false,
      "locked": {
        "lastModified": 1779221869,
        "narHash": "sha256-SQcueeBkCcPgXlyksYScmXvgxA/dhvQCkZi1UDPEurA=",
        "owner": "BirdeeHub",
        "repo": "fn_finder",
        "rev": "7a1d4c6b2e93e10e883ecfc2ecb1517c60eb444b",
        "type": "github"
      },
      "original": {
        "owner": "BirdeeHub",
        "repo": "fn_finder",
        "type": "github"
      }
    },
    "plugins-lze": {
      "flake": false,
      "locked": {
        "lastModified": 1787578920,
        "narHash": "sha256-OF1my8rsj9Bk50JRskIM4UBStn3At/otBTv4+R38OQI=",
        "owner": "BirdeeHub",
        "repo": "lze",
        "rev": "f8f007cd73a08bc3453b001e4438da0f1a3e41ea",
        "type": "github"
      },
      "original": {
        "owner": "BirdeeHub",
        "repo": "lze",
        "type": "github"
      }
    },
    "plugins-lzextras": {
      "flake": false,
      "locked": {
        "lastModified": 1787578944,
        "narHash": "sha256-paY9kHeNmgln4wXhJ18+8A8lzfRMipWzt/pj36PdgDg=",
        "owner": "BirdeeHub",
        "repo": "lzextras",
        "rev": "8ff93cb97a42b6d30d33a940e1fde0f01516dead",
        "type": "github"
      },
      "original": {
        "owner": "BirdeeHub",
        "repo": "lzextras",
        "type": "github"
      }
    },
    "plugins-nvim-lspconfig": {
      "flake": false,
      "locked": {
        "lastModified": 1788429664,
        "narHash": "sha256-zSHf3z0+RnctRSNPa+EZicXSc8Fuh33xbF9FYOAGbTI=",
        "owner": "neovim",
        "repo": "nvim-lspconfig",
        "rev": "85e732c62ac59ab7c12df71ddd020baa87948390",
        "type": "github"
      },
      "original": {
        "owner": "neovim",
        "repo": "nvim-lspconfig",
        "type": "github"
      }
    },
    "plugins-nvim-luaref": {
      "flake": false,
      "locked": {
        "lastModified": 1645064202,
        "narHash": "sha256-nmsKg1Ah67fhGzevTFMlncwLX9gN0JkR7Woi0T5On34=",
        "owner": "milisims",
        "repo": "nvim-luaref",
        "rev": "9cd3ed50d5752ffd56d88dd9e395ddd3dc2c7127",
        "type": "github"
      },
      "original": {
        "owner": "milisims",
        "repo": "nvim-luaref",
        "type": "github"
      }
    },
    "plugins-opencode-nvim": {
      "flake": false,
      "locked": {
        "lastModified": 1787321091,
        "narHash": "sha256-WdSWFAxxKKmAjTTyNaTAVLZW4yMaACC4cCMPOHIHRuk=",
        "owner": "NickvanDyke",
        "repo": "opencode.nvim",
        "rev": "2ddeebd3212596b51bf078e6ff52862655b80419",
        "type": "github"
      },
      "original": {
        "owner": "NickvanDyke",
        "repo": "opencode.nvim",
        "type": "github"
      }
    },
    "plugins-rustaceanvim": {
      "flake": false,
      "locked": {
        "lastModified": 1788482437,
        "narHash": "sha256-5sKwU6jhlG4CxJQYPpPD6CqXOjcnrov+N1XGcuXaWtI=",
        "owner": "mrcjkb",
        "repo": "rustaceanvim",
        "rev": "9499318abe813fd36da9be3bca4a52765f7c24f9",
        "type": "github"
      },
      "original": {
        "owner": "mrcjkb",
        "repo": "rustaceanvim",
        "type": "github"
      }
    },
    "plugins-shelua": {
      "flake": false,
      "locked": {
        "lastModified": 1787848494,
        "narHash": "sha256-Qc1YaNmptuxyxAunmvwzySYr8BzcyO0PPBgAI4esOF4=",
        "owner": "BirdeeHub",
        "repo": "shelua",
        "rev": "8f7045af57c72488cdbbfccff7b92dbc7df89e23",
        "type": "github"
      },
      "original": {
        "owner": "BirdeeHub",
        "repo": "shelua",
        "type": "github"
      }
    },
    "plugins-snacks-nvim": {
      "flake": false,
      "locked": {
        "lastModified": 1779727538,
        "narHash": "sha256-gU0XjCcnmZNwZ/erukA8miBiMKaSsSiInLtiv+OyEJI=",
        "owner": "folke",
        "repo": "snacks.nvim",
        "rev": "882c996cf28183f4d63640de0b4c02ec886d01f2",
        "type": "github"
      },
      "original": {
        "owner": "folke",
        "repo": "snacks.nvim",
        "type": "github"
      }
    },
    "plugins-tmux-navigate": {
      "flake": false,
      "locked": {
        "lastModified": 1665505688,
        "narHash": "sha256-Rn/rIbFx2zCyzvLZmbf7q1nF97Yi9dONUDv1QDcscxo=",
        "owner": "sunaku",
        "repo": "tmux-navigate",
        "rev": "27c83cd229bceff55e6318cce7945995623a6106",
        "type": "github"
      },
      "original": {
        "owner": "sunaku",
        "repo": "tmux-navigate",
        "type": "github"
      }
    },
    "plugins-visual-whitespace": {
      "flake": false,
      "locked": {
        "lastModified": 1780680613,
        "narHash": "sha256-X8AVvOSnnY594tFmgi50+yYjC+A9l6UN1McoRIFJ8e8=",
        "owner": "mcauley-penney",
        "repo": "visual-whitespace.nvim",
        "rev": "d1f8889dd09ca9b07bc3b7af7cd5d1bfb5a7ea71",
        "type": "github"
      },
      "original": {
        "owner": "mcauley-penney",
        "repo": "visual-whitespace.nvim",
        "type": "github"
      }
    },
    "roc": {
      "inputs": {
        "flake-utils": [
          "flake-utils"
        ],
        "gitignore": "gitignore",
        "nixpkgs": "nixpkgs_2"
      },
      "locked": {
        "dir": "src",
        "lastModified": 1788485504,
        "narHash": "sha256-acb8rt36Wa+kaO+gHqm5M3Z/r4Ki5X2AJ6dYbEgEyBw=",
        "owner": "roc-lang",
        "repo": "roc",
        "rev": "a7442aaed2dfd9836764df21eb4d0e155836f3a5",
        "type": "github"
      },
      "original": {
        "dir": "src",
        "owner": "roc-lang",
        "repo": "roc",
        "type": "github"
      }
    },
    "root": {
      "inputs": {
        "fenix": "fenix",
        "flake-parts": "flake-parts",
        "flake-utils": "flake-utils",
        "juan-logs-src": "juan-logs-src",
        "neovim-nightly-overlay": "neovim-nightly-overlay",
        "nix-appimage": "nix-appimage",
        "nixpkgs": "nixpkgs",
        "plugins-argmark": "plugins-argmark",
        "plugins-fn_finder": "plugins-fn_finder",
        "plugins-lze": "plugins-lze",
        "plugins-lzextras": "plugins-lzextras",
        "plugins-nvim-lspconfig": "plugins-nvim-lspconfig",
        "plugins-nvim-luaref": "plugins-nvim-luaref",
        "plugins-opencode-nvim": "plugins-opencode-nvim",
        "plugins-rustaceanvim": "plugins-rustaceanvim",
        "plugins-shelua": "plugins-shelua",
        "plugins-snacks-nvim": "plugins-snacks-nvim",
        "plugins-tmux-navigate": "plugins-tmux-navigate",
        "plugins-visual-whitespace": "plugins-visual-whitespace",
        "roc": "roc",
        "templ": "templ",
        "topiary": "topiary",
        "wrappers": "wrappers"
      }
    },
    "rust-analyzer-src": {
      "flake": false,
      "locked": {
        "lastModified": 1788394718,
        "narHash": "sha256-Dyr++cx/ODeP4T4PdaaW7gX8TH9IQs7kScZdi9aMn2s=",
        "owner": "rust-lang",
        "repo": "rust-analyzer",
        "rev": "bf25c45e974ab01bf46bc9fdca0f8b2fde66ae27",
        "type": "github"
      },
      "original": {
        "owner": "rust-lang",
        "ref": "nightly",
        "repo": "rust-analyzer",
        "type": "github"
      }
    },
    "rust-overlay": {
      "inputs": {
        "nixpkgs": "nixpkgs_4"
      },
      "locked": {
        "lastModified": 1769396217,
        "narHash": "sha256-YNzh46h8fby49yOIB40lNoQ9ucVoXe1bHVwkZ4AwGe0=",
        "owner": "oxalica",
        "repo": "rust-overlay",
        "rev": "e9bcd12156a577ac4e47d131c14dc0293cc9c8c2",
        "type": "github"
      },
      "original": {
        "owner": "oxalica",
        "repo": "rust-overlay",
        "type": "github"
      }
    },
    "systems": {
      "locked": {
        "lastModified": 1681028828,
        "narHash": "sha256-Vy1rq5AaRuLzOxct8nz4T6wlgyUR7zLU309k9mBC768=",
        "owner": "nix-systems",
        "repo": "default",
        "rev": "da67096a3b9bf56a91d16901293e51ba5b49a27e",
        "type": "github"
      },
      "original": {
        "owner": "nix-systems",
        "repo": "default",
        "type": "github"
      }
    },
    "templ": {
      "inputs": {
        "gitignore": "gitignore_2",
        "nixpkgs": [
          "nixpkgs"
        ],
        "nixpkgs-unstable": [
          "nixpkgs"
        ],
        "version": "version"
      },
      "locked": {
        "lastModified": 1784120785,
        "narHash": "sha256-rtrX9MW7luFMHxIPu277r01LDiz1AGqDkk6KswJ4fMY=",
        "owner": "a-h",
        "repo": "templ",
        "rev": "04abee5364c6fab2bde8c00d215fdcb630ad6a94",
        "type": "github"
      },
      "original": {
        "owner": "a-h",
        "repo": "templ",
        "type": "github"
      }
    },
    "topiary": {
      "inputs": {
        "advisory-db": "advisory-db",
        "crane": "crane",
        "nixpkgs": "nixpkgs_3",
        "rust-overlay": "rust-overlay"
      },
      "locked": {
        "lastModified": 1777652250,
        "narHash": "sha256-Sdvj480OBDXFwi9Vjxv5g2n9W48bww9liXs5VfqRxQU=",
        "owner": "topiary",
        "repo": "topiary",
        "rev": "2c18c60d2053bb46be6052d5101919ebf6a25cb9",
        "type": "github"
      },
      "original": {
        "owner": "topiary",
        "ref": "philipp/fix_multi_line_indent_all",
        "repo": "topiary",
        "type": "github"
      }
    },
    "version": {
      "inputs": {
        "nixpkgs": [
          "templ",
          "nixpkgs"
        ]
      },
      "locked": {
        "lastModified": 1782746773,
        "narHash": "sha256-jOHpdSARNQNntwilH1Q59vVxXuBI6qKLeYC8elZiZyY=",
        "owner": "a-h",
        "repo": "version",
        "rev": "44731ff8abe5cda38e3ab65de6e216279cfff8db",
        "type": "github"
      },
      "original": {
        "owner": "a-h",
        "repo": "version",
        "type": "github"
      }
    },
    "wrappers": {
      "inputs": {
        "nixpkgs": [
          "nixpkgs"
        ]
      },
      "locked": {
        "lastModified": 1788523330,
        "narHash": "sha256-Knf2dX5p52xBY0PKDhJcC9/pHIeCGFG5lTJhSp3gWOs=",
        "owner": "BirdeeHub",
        "repo": "nix-wrapper-modules",
        "rev": "53efad14a9b0977aa49f703b0b12b2341c31cf11",
        "type": "github"
      },
      "original": {
        "owner": "BirdeeHub",
        "repo": "nix-wrapper-modules",
        "type": "github"
      }
    }
  },
  "root": "root",
  "version": 7
}
