{
  "nodes": {
    "fenix": {
      "inputs": {
        "nixpkgs": [
          "nixpkgs"
        ],
        "rust-analyzer-src": "rust-analyzer-src"
      },
      "locked": {
        "lastModified": 1770361936,
        "narHash": "sha256-vHZIldWqzXPZykvbjQ9w0DoBa1zWO968PogoMdL4Y4s=",
        "owner": "nix-community",
        "repo": "fenix",
        "rev": "2d4752f3646f724a5c18468d3c842bde938d3bce",
        "type": "github"
      },
      "original": {
        "owner": "nix-community",
        "repo": "fenix",
        "type": "github"
      }
    },
    "flake-compat": {
      "flake": false,
      "locked": {
        "lastModified": 1733328505,
        "narHash": "sha256-NeCCThCEP3eCl2l/+27kNNK7QrwZB1IJCrXfrbv5oqU=",
        "owner": "edolstra",
        "repo": "flake-compat",
        "rev": "ff81ac966bb2cae68946d5ed5fc4994f96d0ffec",
        "type": "github"
      },
      "original": {
        "owner": "edolstra",
        "repo": "flake-compat",
        "type": "github"
      }
    },
    "flake-compat_2": {
      "flake": false,
      "locked": {
        "lastModified": 1733328505,
        "narHash": "sha256-NeCCThCEP3eCl2l/+27kNNK7QrwZB1IJCrXfrbv5oqU=",
        "owner": "edolstra",
        "repo": "flake-compat",
        "rev": "ff81ac966bb2cae68946d5ed5fc4994f96d0ffec",
        "type": "github"
      },
      "original": {
        "owner": "edolstra",
        "repo": "flake-compat",
        "type": "github"
      }
    },
    "flake-parts": {
      "inputs": {
        "nixpkgs-lib": [
          "nixpkgs"
        ]
      },
      "locked": {
        "lastModified": 1769996383,
        "narHash": "sha256-AnYjnFWgS49RlqX7LrC4uA+sCCDBj0Ry/WOJ5XWAsa0=",
        "owner": "hercules-ci",
        "repo": "flake-parts",
        "rev": "57928607ea566b5db3ad13af0e57e921e6b12381",
        "type": "github"
      },
      "original": {
        "owner": "hercules-ci",
        "repo": "flake-parts",
        "type": "github"
      }
    },
    "flake-utils": {
      "inputs": {
        "systems": "systems"
      },
      "locked": {
        "lastModified": 1731533236,
        "narHash": "sha256-l0KFg5HjrsfsO/JpG+r7fRrqm12kzFHyUHqHCVpMMbI=",
        "owner": "numtide",
        "repo": "flake-utils",
        "rev": "11707dc2f618dd54ca8739b309ec4fc024de578b",
        "type": "github"
      },
      "original": {
        "owner": "numtide",
        "repo": "flake-utils",
        "type": "github"
      }
    },
    "gitignore": {
      "inputs": {
        "nixpkgs": [
          "templ",
          "nixpkgs"
        ]
      },
      "locked": {
        "lastModified": 1762808025,
        "narHash": "sha256-XmjITeZNMTQXGhhww6ed/Wacy2KzD6svioyCX7pkUu4=",
        "owner": "hercules-ci",
        "repo": "gitignore.nix",
        "rev": "cb5e3fdca1de58ccbc3ef53de65bd372b48f567c",
        "type": "github"
      },
      "original": {
        "owner": "hercules-ci",
        "repo": "gitignore.nix",
        "type": "github"
      }
    },
    "neovim-nightly-overlay": {
      "inputs": {
        "flake-parts": [
          "flake-parts"
        ],
        "neovim-src": "neovim-src",
        "nixpkgs": [
          "nixpkgs"
        ]
      },
      "locked": {
        "lastModified": 1770336287,
        "narHash": "sha256-czvrg8uyf2VWRmbobsthTAIJCg1GH4mEekyW01AvHco=",
        "owner": "nix-community",
        "repo": "neovim-nightly-overlay",
        "rev": "1cd999cdf20536ac6a6d1aa17ba0242eefd2312b",
        "type": "github"
      },
      "original": {
        "owner": "nix-community",
        "repo": "neovim-nightly-overlay",
        "type": "github"
      }
    },
    "neovim-src": {
      "flake": false,
      "locked": {
        "lastModified": 1770334851,
        "narHash": "sha256-FvT3T0l8eNr1Hv+D1Sj1jM/2vLkonLxpadTk6gdYHAo=",
        "owner": "neovim",
        "repo": "neovim",
        "rev": "db133879b2a115cdf982b2899f154f1851d59a60",
        "type": "github"
      },
      "original": {
        "owner": "neovim",
        "repo": "neovim",
        "type": "github"
      }
    },
    "nix-appimage": {
      "inputs": {
        "flake-compat": "flake-compat",
        "flake-utils": [
          "flake-utils"
        ],
        "nixpkgs": [
          "nixpkgs"
        ]
      },
      "locked": {
        "lastModified": 1757920913,
        "narHash": "sha256-jd0QwCVz4O1sHHkeaZILD/7D6oyalceEJ4EFnWCgm0k=",
        "owner": "ralismark",
        "repo": "nix-appimage",
        "rev": "7946addbc0d97e358a6d7aefe5e82310f0fe6b18",
        "type": "github"
      },
      "original": {
        "owner": "ralismark",
        "repo": "nix-appimage",
        "type": "github"
      }
    },
    "nixpkgs": {
      "locked": {
        "lastModified": 1770169770,
        "narHash": "sha256-awR8qIwJxJJiOmcEGgP2KUqYmHG4v/z8XpL9z8FnT1A=",
        "owner": "NixOS",
        "repo": "nixpkgs",
        "rev": "aa290c9891fa4ebe88f8889e59633d20cc06a5f2",
        "type": "github"
      },
      "original": {
        "owner": "NixOS",
        "ref": "nixpkgs-unstable",
        "repo": "nixpkgs",
        "type": "github"
      }
    },
    "nixpkgs_2": {
      "locked": {
        "lastModified": 1722403750,
        "narHash": "sha256-tRmn6UiFAPX0m9G1AVcEPjWEOc9BtGsxGcs7Bz3MpsM=",
        "owner": "nixos",
        "repo": "nixpkgs",
        "rev": "184957277e885c06a505db112b35dfbec7c60494",
        "type": "github"
      },
      "original": {
        "owner": "nixos",
        "repo": "nixpkgs",
        "rev": "184957277e885c06a505db112b35dfbec7c60494",
        "type": "github"
      }
    },
    "plugins-argmark": {
      "flake": false,
      "locked": {
        "lastModified": 1762305486,
        "narHash": "sha256-n4msk2ZFVfio5+9+LUGmTru4s11xuwnrZxPlXKXOYF4=",
        "owner": "BirdeeHub",
        "repo": "argmark",
        "rev": "abe66e41a12c000b425f6ee156931c4714b3919e",
        "type": "github"
      },
      "original": {
        "owner": "BirdeeHub",
        "repo": "argmark",
        "type": "github"
      }
    },
    "plugins-fn_finder": {
      "flake": false,
      "locked": {
        "lastModified": 1748974724,
        "narHash": "sha256-tP89eAFCAQ9lRT+tDoaZsMwNoJYWBlZ9/ZFmwf0JomY=",
        "owner": "BirdeeHub",
        "repo": "fn_finder",
        "rev": "b5242edf7ff63d5f1713c7d43f6ec9666faa108e",
        "type": "github"
      },
      "original": {
        "owner": "BirdeeHub",
        "repo": "fn_finder",
        "type": "github"
      }
    },
    "plugins-lze": {
      "flake": false,
      "locked": {
        "lastModified": 1769938695,
        "narHash": "sha256-TJ6/xiFwyImPN2ABjsDymluhk2v3MVhetH+dTJAXMFI=",
        "owner": "BirdeeHub",
        "repo": "lze",
        "rev": "2b5e081f48df165c1e67050bc0b85a4c939e0827",
        "type": "github"
      },
      "original": {
        "owner": "BirdeeHub",
        "repo": "lze",
        "type": "github"
      }
    },
    "plugins-lzextras": {
      "flake": false,
      "locked": {
        "lastModified": 1770073207,
        "narHash": "sha256-hWIN/wuDpSu8xwqPmdjQREKMbnPeo/nUybu3Z2q/emY=",
        "owner": "BirdeeHub",
        "repo": "lzextras",
        "rev": "20bfe66fdfb1ee1a23994acec043191aa6d54e6e",
        "type": "github"
      },
      "original": {
        "owner": "BirdeeHub",
        "repo": "lzextras",
        "type": "github"
      }
    },
    "plugins-nvim-lspconfig": {
      "flake": false,
      "locked": {
        "lastModified": 1770245087,
        "narHash": "sha256-OldwlRgCaH7S2vDC9WEvnSxok+l4GaBI2in8eZ3tsis=",
        "owner": "neovim",
        "repo": "nvim-lspconfig",
        "rev": "0480b120318ec8bab27b530ffab6ee76a8c4d806",
        "type": "github"
      },
      "original": {
        "owner": "neovim",
        "repo": "nvim-lspconfig",
        "type": "github"
      }
    },
    "plugins-nvim-luaref": {
      "flake": false,
      "locked": {
        "lastModified": 1645064202,
        "narHash": "sha256-nmsKg1Ah67fhGzevTFMlncwLX9gN0JkR7Woi0T5On34=",
        "owner": "milisims",
        "repo": "nvim-luaref",
        "rev": "9cd3ed50d5752ffd56d88dd9e395ddd3dc2c7127",
        "type": "github"
      },
      "original": {
        "owner": "milisims",
        "repo": "nvim-luaref",
        "type": "github"
      }
    },
    "plugins-opencode-nvim": {
      "flake": false,
      "locked": {
        "lastModified": 1770069362,
        "narHash": "sha256-RzZGsKR9FFFz20mHFnYuLRRc1PuxNmHPDm8+Ay+jH2Q=",
        "owner": "NickvanDyke",
        "repo": "opencode.nvim",
        "rev": "632ec5879295a3103fa39742b2e3f0639496c96f",
        "type": "github"
      },
      "original": {
        "owner": "NickvanDyke",
        "repo": "opencode.nvim",
        "type": "github"
      }
    },
    "plugins-rustaceanvim": {
      "flake": false,
      "locked": {
        "lastModified": 1769975534,
        "narHash": "sha256-9/jWlZ4Nxge7XYUe6mU5KPU/cHeNbrbBXTWO6TghS+g=",
        "owner": "mrcjkb",
        "repo": "rustaceanvim",
        "rev": "3ace64feb1ce3cf3c63e6297e1378a82fe548618",
        "type": "github"
      },
      "original": {
        "owner": "mrcjkb",
        "repo": "rustaceanvim",
        "type": "github"
      }
    },
    "plugins-shelua": {
      "flake": false,
      "locked": {
        "lastModified": 1769938666,
        "narHash": "sha256-AHmwbeofzjRxJZTByOVuGO/DbEjlXXfT6V5bVuIJcdA=",
        "owner": "BirdeeHub",
        "repo": "shelua",
        "rev": "cc116a5121f2fc104a4b88062dc6cdf26c743e45",
        "type": "github"
      },
      "original": {
        "owner": "BirdeeHub",
        "repo": "shelua",
        "type": "github"
      }
    },
    "plugins-snacks-nvim": {
      "flake": false,
      "locked": {
        "lastModified": 1763464072,
        "narHash": "sha256-vRedYg29QGPGW0hOX9qbRSIImh1d/SoDZHImDF2oqKM=",
        "owner": "folke",
        "repo": "snacks.nvim",
        "rev": "fe7cfe9800a182274d0f868a74b7263b8c0c020b",
        "type": "github"
      },
      "original": {
        "owner": "folke",
        "repo": "snacks.nvim",
        "type": "github"
      }
    },
    "plugins-tmux-navigate": {
      "flake": false,
      "locked": {
        "lastModified": 1665505688,
        "narHash": "sha256-Rn/rIbFx2zCyzvLZmbf7q1nF97Yi9dONUDv1QDcscxo=",
        "owner": "sunaku",
        "repo": "tmux-navigate",
        "rev": "27c83cd229bceff55e6318cce7945995623a6106",
        "type": "github"
      },
      "original": {
        "owner": "sunaku",
        "repo": "tmux-navigate",
        "type": "github"
      }
    },
    "plugins-visual-whitespace": {
      "flake": false,
      "locked": {
        "lastModified": 1768946533,
        "narHash": "sha256-qy/WW4GtzWyOnhNqylg+meZ0o3kGEtvF+nptvmXnZwk=",
        "owner": "mcauley-penney",
        "repo": "visual-whitespace.nvim",
        "rev": "2eefcbcbe294ea6610868755db7ddb8f92f68a1c",
        "type": "github"
      },
      "original": {
        "owner": "mcauley-penney",
        "repo": "visual-whitespace.nvim",
        "type": "github"
      }
    },
    "roc": {
      "inputs": {
        "flake-compat": "flake-compat_2",
        "flake-utils": [
          "flake-utils"
        ],
        "nixpkgs": "nixpkgs_2",
        "rust-overlay": "rust-overlay"
      },
      "locked": {
        "lastModified": 1770274581,
        "narHash": "sha256-z2RLJPQv0Xl4/kBosRO/T63jYRUd9JwLnOaM201JmFI=",
        "owner": "roc-lang",
        "repo": "roc",
        "rev": "ee4f17e2f49ac1c9acff9a1edd3ecb9845248f89",
        "type": "github"
      },
      "original": {
        "owner": "roc-lang",
        "repo": "roc",
        "type": "github"
      }
    },
    "root": {
      "inputs": {
        "fenix": "fenix",
        "flake-parts": "flake-parts",
        "flake-utils": "flake-utils",
        "neovim-nightly-overlay": "neovim-nightly-overlay",
        "nix-appimage": "nix-appimage",
        "nixpkgs": "nixpkgs",
        "plugins-argmark": "plugins-argmark",
        "plugins-fn_finder": "plugins-fn_finder",
        "plugins-lze": "plugins-lze",
        "plugins-lzextras": "plugins-lzextras",
        "plugins-nvim-lspconfig": "plugins-nvim-lspconfig",
        "plugins-nvim-luaref": "plugins-nvim-luaref",
        "plugins-opencode-nvim": "plugins-opencode-nvim",
        "plugins-rustaceanvim": "plugins-rustaceanvim",
        "plugins-shelua": "plugins-shelua",
        "plugins-snacks-nvim": "plugins-snacks-nvim",
        "plugins-tmux-navigate": "plugins-tmux-navigate",
        "plugins-visual-whitespace": "plugins-visual-whitespace",
        "roc": "roc",
        "templ": "templ",
        "tomlua": "tomlua",
        "wrappers": "wrappers"
      }
    },
    "rust-analyzer-src": {
      "flake": false,
      "locked": {
        "lastModified": 1770290336,
        "narHash": "sha256-rJ79U68ZLjCSg1Qq+63aBXi//W7blaKiYq9NnfeTboA=",
        "owner": "rust-lang",
        "repo": "rust-analyzer",
        "rev": "d2a00da09293267e5be2efb216698762929d7140",
        "type": "github"
      },
      "original": {
        "owner": "rust-lang",
        "ref": "nightly",
        "repo": "rust-analyzer",
        "type": "github"
      }
    },
    "rust-overlay": {
      "inputs": {
        "nixpkgs": [
          "roc",
          "nixpkgs"
        ]
      },
      "locked": {
        "lastModified": 1736303309,
        "narHash": "sha256-IKrk7RL+Q/2NC6+Ql6dwwCNZI6T6JH2grTdJaVWHF0A=",
        "owner": "oxalica",
        "repo": "rust-overlay",
        "rev": "a0b81d4fa349d9af1765b0f0b4a899c13776f706",
        "type": "github"
      },
      "original": {
        "owner": "oxalica",
        "repo": "rust-overlay",
        "type": "github"
      }
    },
    "systems": {
      "locked": {
        "lastModified": 1681028828,
        "narHash": "sha256-Vy1rq5AaRuLzOxct8nz4T6wlgyUR7zLU309k9mBC768=",
        "owner": "nix-systems",
        "repo": "default",
        "rev": "da67096a3b9bf56a91d16901293e51ba5b49a27e",
        "type": "github"
      },
      "original": {
        "owner": "nix-systems",
        "repo": "default",
        "type": "github"
      }
    },
    "templ": {
      "inputs": {
        "gitignore": "gitignore",
        "nixpkgs": [
          "nixpkgs"
        ],
        "nixpkgs-unstable": [
          "nixpkgs"
        ],
        "version": "version"
      },
      "locked": {
        "lastModified": 1768762548,
        "narHash": "sha256-oevNppYitZkcM+D3+8BLsy83oW3EXpK6LGrEwKIKFCA=",
        "owner": "a-h",
        "repo": "templ",
        "rev": "b666bd7798a0afac70ac1cd06a3651da0f350005",
        "type": "github"
      },
      "original": {
        "owner": "a-h",
        "repo": "templ",
        "type": "github"
      }
    },
    "tomlua": {
      "inputs": {
        "nixpkgs": [
          "nixpkgs"
        ]
      },
      "locked": {
        "lastModified": 1769938720,
        "narHash": "sha256-cJipP8mfEVqOUcKRUjng2YPrwa7VOKHCV7g0mcOqusg=",
        "owner": "BirdeeHub",
        "repo": "tomlua",
        "rev": "6db83cfa4f163f24c55ffff4635b02c8a1abe295",
        "type": "github"
      },
      "original": {
        "owner": "BirdeeHub",
        "repo": "tomlua",
        "type": "github"
      }
    },
    "version": {
      "inputs": {
        "nixpkgs": [
          "templ",
          "nixpkgs"
        ]
      },
      "locked": {
        "lastModified": 1749991223,
        "narHash": "sha256-K6OM2m+Bdkbq7MvTIwI1t0aPIwmkLUDeUfev5VHpiwg=",
        "owner": "a-h",
        "repo": "version",
        "rev": "da721166410c6e7e2bea37cf3dee3948b5d0c83f",
        "type": "github"
      },
      "original": {
        "owner": "a-h",
        "ref": "0.0.10",
        "repo": "version",
        "type": "github"
      }
    },
    "wrappers": {
      "inputs": {
        "nixpkgs": [
          "nixpkgs"
        ]
      },
      "locked": {
        "lastModified": 1770370849,
        "narHash": "sha256-laCL8Of7IqZ2HJv0oIBt1N/H/VkF3jjAQi/3GtZok6c=",
        "owner": "BirdeeHub",
        "repo": "nix-wrapper-modules",
        "rev": "852702ffdac6d4f35c5affc1a5786df6cd4996c8",
        "type": "github"
      },
      "original": {
        "owner": "BirdeeHub",
        "repo": "nix-wrapper-modules",
        "type": "github"
      }
    }
  },
  "root": "root",
  "version": 7
}
