{
  "nodes": {
    "advisory-db": {
      "flake": false,
      "locked": {
        "lastModified": 1769407479,
        "narHash": "sha256-ByIwFH/JsWtIpANhSjoQmx3JnPLUQL+wDZYMb6+GxhE=",
        "owner": "rustsec",
        "repo": "advisory-db",
        "rev": "6e8c8d3103a0c56f1581409ebcaba1bc9f2fc799",
        "type": "github"
      },
      "original": {
        "owner": "rustsec",
        "repo": "advisory-db",
        "type": "github"
      }
    },
    "crane": {
      "locked": {
        "lastModified": 1769287525,
        "narHash": "sha256-gABuYA6BzoRMLuPaeO5p7SLrpd4qExgkwEmYaYQY4bM=",
        "owner": "ipetkov",
        "repo": "crane",
        "rev": "0314e365877a85c9e5758f9ea77a9972afbb4c21",
        "type": "github"
      },
      "original": {
        "owner": "ipetkov",
        "repo": "crane",
        "type": "github"
      }
    },
    "fenix": {
      "inputs": {
        "nixpkgs": [
          "nixpkgs"
        ],
        "rust-analyzer-src": "rust-analyzer-src"
      },
      "locked": {
        "lastModified": 1776068450,
        "narHash": "sha256-awf85/TiD8Zo/dO/WGrb7FfNT8nosblXN2QZpYY+KMQ=",
        "owner": "nix-community",
        "repo": "fenix",
        "rev": "a8c773e277756e481d946637e6fac860bb429bc8",
        "type": "github"
      },
      "original": {
        "owner": "nix-community",
        "repo": "fenix",
        "type": "github"
      }
    },
    "flake-compat": {
      "flake": false,
      "locked": {
        "lastModified": 1733328505,
        "narHash": "sha256-NeCCThCEP3eCl2l/+27kNNK7QrwZB1IJCrXfrbv5oqU=",
        "owner": "edolstra",
        "repo": "flake-compat",
        "rev": "ff81ac966bb2cae68946d5ed5fc4994f96d0ffec",
        "type": "github"
      },
      "original": {
        "owner": "edolstra",
        "repo": "flake-compat",
        "type": "github"
      }
    },
    "flake-compat_2": {
      "flake": false,
      "locked": {
        "lastModified": 1733328505,
        "narHash": "sha256-NeCCThCEP3eCl2l/+27kNNK7QrwZB1IJCrXfrbv5oqU=",
        "owner": "edolstra",
        "repo": "flake-compat",
        "rev": "ff81ac966bb2cae68946d5ed5fc4994f96d0ffec",
        "type": "github"
      },
      "original": {
        "owner": "edolstra",
        "repo": "flake-compat",
        "type": "github"
      }
    },
    "flake-parts": {
      "inputs": {
        "nixpkgs-lib": [
          "nixpkgs"
        ]
      },
      "locked": {
        "lastModified": 1775087534,
        "narHash": "sha256-91qqW8lhL7TLwgQWijoGBbiD4t7/q75KTi8NxjVmSmA=",
        "owner": "hercules-ci",
        "repo": "flake-parts",
        "rev": "3107b77cd68437b9a76194f0f7f9c55f2329ca5b",
        "type": "github"
      },
      "original": {
        "owner": "hercules-ci",
        "repo": "flake-parts",
        "type": "github"
      }
    },
    "flake-utils": {
      "inputs": {
        "systems": "systems"
      },
      "locked": {
        "lastModified": 1731533236,
        "narHash": "sha256-l0KFg5HjrsfsO/JpG+r7fRrqm12kzFHyUHqHCVpMMbI=",
        "owner": "numtide",
        "repo": "flake-utils",
        "rev": "11707dc2f618dd54ca8739b309ec4fc024de578b",
        "type": "github"
      },
      "original": {
        "owner": "numtide",
        "repo": "flake-utils",
        "type": "github"
      }
    },
    "gitignore": {
      "inputs": {
        "nixpkgs": [
          "templ",
          "nixpkgs"
        ]
      },
      "locked": {
        "lastModified": 1762808025,
        "narHash": "sha256-XmjITeZNMTQXGhhww6ed/Wacy2KzD6svioyCX7pkUu4=",
        "owner": "hercules-ci",
        "repo": "gitignore.nix",
        "rev": "cb5e3fdca1de58ccbc3ef53de65bd372b48f567c",
        "type": "github"
      },
      "original": {
        "owner": "hercules-ci",
        "repo": "gitignore.nix",
        "type": "github"
      }
    },
    "juan-logs-src": {
      "flake": false,
      "locked": {
        "lastModified": 1773336973,
        "narHash": "sha256-4K0PyaDhYhl06pwsRksqObk4SqF5H8pAHyUkLPDQ/jk=",
        "owner": "minigian",
        "repo": "juan-logs.nvim",
        "rev": "615dddd3ebb2e6176fe0cd305fe3810860182323",
        "type": "github"
      },
      "original": {
        "owner": "minigian",
        "repo": "juan-logs.nvim",
        "type": "github"
      }
    },
    "neovim-nightly-overlay": {
      "inputs": {
        "flake-parts": [
          "flake-parts"
        ],
        "neovim-src": "neovim-src",
        "nixpkgs": [
          "nixpkgs"
        ]
      },
      "locked": {
        "lastModified": 1776125101,
        "narHash": "sha256-xD5YBoSyqDz+rTZzfs0r5Msa9AlJsgDweYOptLlx2AY=",
        "owner": "nix-community",
        "repo": "neovim-nightly-overlay",
        "rev": "80b1f16dba171a70c44c2ee6ec9529876152a7f5",
        "type": "github"
      },
      "original": {
        "owner": "nix-community",
        "repo": "neovim-nightly-overlay",
        "type": "github"
      }
    },
    "neovim-src": {
      "flake": false,
      "locked": {
        "lastModified": 1776118534,
        "narHash": "sha256-1avpN21oJ+w1jQ0r1XtoAPMzhSzEvgBMxCk3dO8SihU=",
        "owner": "neovim",
        "repo": "neovim",
        "rev": "7bb8231577d11b31cbc85b563c6bc299b64957d4",
        "type": "github"
      },
      "original": {
        "owner": "neovim",
        "repo": "neovim",
        "type": "github"
      }
    },
    "nix-appimage": {
      "inputs": {
        "flake-compat": "flake-compat",
        "flake-utils": [
          "flake-utils"
        ],
        "nixpkgs": [
          "nixpkgs"
        ]
      },
      "locked": {
        "lastModified": 1757920913,
        "narHash": "sha256-jd0QwCVz4O1sHHkeaZILD/7D6oyalceEJ4EFnWCgm0k=",
        "owner": "ralismark",
        "repo": "nix-appimage",
        "rev": "7946addbc0d97e358a6d7aefe5e82310f0fe6b18",
        "type": "github"
      },
      "original": {
        "owner": "ralismark",
        "repo": "nix-appimage",
        "type": "github"
      }
    },
    "nixpkgs": {
      "locked": {
        "lastModified": 1775888245,
        "narHash": "sha256-nwASzrRDD1JBEu/o8ekKYEXm/oJW6EMCzCRdrwcLe90=",
        "owner": "NixOS",
        "repo": "nixpkgs",
        "rev": "13043924aaa7375ce482ebe2494338e058282925",
        "type": "github"
      },
      "original": {
        "owner": "NixOS",
        "ref": "nixpkgs-unstable",
        "repo": "nixpkgs",
        "type": "github"
      }
    },
    "nixpkgs_2": {
      "locked": {
        "lastModified": 1722403750,
        "narHash": "sha256-tRmn6UiFAPX0m9G1AVcEPjWEOc9BtGsxGcs7Bz3MpsM=",
        "owner": "nixos",
        "repo": "nixpkgs",
        "rev": "184957277e885c06a505db112b35dfbec7c60494",
        "type": "github"
      },
      "original": {
        "owner": "nixos",
        "repo": "nixpkgs",
        "rev": "184957277e885c06a505db112b35dfbec7c60494",
        "type": "github"
      }
    },
    "nixpkgs_3": {
      "locked": {
        "lastModified": 1769330179,
        "narHash": "sha256-yxgb4AmkVHY5OOBrC79Vv6EVd4QZEotqv+6jcvA212M=",
        "owner": "NixOS",
        "repo": "nixpkgs",
        "rev": "48698d12cc10555a4f3e3222d9c669b884a49dfe",
        "type": "github"
      },
      "original": {
        "owner": "NixOS",
        "ref": "nixpkgs-unstable",
        "repo": "nixpkgs",
        "type": "github"
      }
    },
    "nixpkgs_4": {
      "locked": {
        "lastModified": 1744536153,
        "narHash": "sha256-awS2zRgF4uTwrOKwwiJcByDzDOdo3Q1rPZbiHQg/N38=",
        "owner": "NixOS",
        "repo": "nixpkgs",
        "rev": "18dd725c29603f582cf1900e0d25f9f1063dbf11",
        "type": "github"
      },
      "original": {
        "owner": "NixOS",
        "ref": "nixpkgs-unstable",
        "repo": "nixpkgs",
        "type": "github"
      }
    },
    "plugins-argmark": {
      "flake": false,
      "locked": {
        "lastModified": 1762305486,
        "narHash": "sha256-n4msk2ZFVfio5+9+LUGmTru4s11xuwnrZxPlXKXOYF4=",
        "owner": "BirdeeHub",
        "repo": "argmark",
        "rev": "abe66e41a12c000b425f6ee156931c4714b3919e",
        "type": "github"
      },
      "original": {
        "owner": "BirdeeHub",
        "repo": "argmark",
        "type": "github"
      }
    },
    "plugins-fn_finder": {
      "flake": false,
      "locked": {
        "lastModified": 1771976934,
        "narHash": "sha256-ivK9LNLRMmyk4kClnOoaxAKL3tPsWLq5mF69GHJeJCc=",
        "owner": "BirdeeHub",
        "repo": "fn_finder",
        "rev": "90ebc98c1dc49c9da59291b640f1893e3e48b81b",
        "type": "github"
      },
      "original": {
        "owner": "BirdeeHub",
        "repo": "fn_finder",
        "type": "github"
      }
    },
    "plugins-lze": {
      "flake": false,
      "locked": {
        "lastModified": 1776141066,
        "narHash": "sha256-vrfQDEMpQT9yCpiFwSYkiawiTGfNIIySx2dIIndp5kI=",
        "owner": "BirdeeHub",
        "repo": "lze",
        "rev": "eaf8e4b0d9a6438b82d17d2018cc02255a89ce1c",
        "type": "github"
      },
      "original": {
        "owner": "BirdeeHub",
        "repo": "lze",
        "type": "github"
      }
    },
    "plugins-lzextras": {
      "flake": false,
      "locked": {
        "lastModified": 1776142140,
        "narHash": "sha256-n5q9fySH14qj/fLEtBsH9bMdjRp4up6P1AnEz1LkQPo=",
        "owner": "BirdeeHub",
        "repo": "lzextras",
        "rev": "3d35a0d6473d092db5f2c357bbede2421cfc64b7",
        "type": "github"
      },
      "original": {
        "owner": "BirdeeHub",
        "repo": "lzextras",
        "type": "github"
      }
    },
    "plugins-nvim-lspconfig": {
      "flake": false,
      "locked": {
        "lastModified": 1776021290,
        "narHash": "sha256-y7OgmBs1baqNbLfI80CmGSJOgZi0xcOsJOhyZmsKJP8=",
        "owner": "neovim",
        "repo": "nvim-lspconfig",
        "rev": "8a9378a822719346a0288fa004dab302ca3c0a8f",
        "type": "github"
      },
      "original": {
        "owner": "neovim",
        "repo": "nvim-lspconfig",
        "type": "github"
      }
    },
    "plugins-nvim-luaref": {
      "flake": false,
      "locked": {
        "lastModified": 1645064202,
        "narHash": "sha256-nmsKg1Ah67fhGzevTFMlncwLX9gN0JkR7Woi0T5On34=",
        "owner": "milisims",
        "repo": "nvim-luaref",
        "rev": "9cd3ed50d5752ffd56d88dd9e395ddd3dc2c7127",
        "type": "github"
      },
      "original": {
        "owner": "milisims",
        "repo": "nvim-luaref",
        "type": "github"
      }
    },
    "plugins-opencode-nvim": {
      "flake": false,
      "locked": {
        "lastModified": 1776118924,
        "narHash": "sha256-mCXSkB8yGhEiWDFGupGpLeEtf4zrdmcX8xjPc5x7IDo=",
        "owner": "NickvanDyke",
        "repo": "opencode.nvim",
        "rev": "4002092d701007acbb5b8fb1a47924ea719241b0",
        "type": "github"
      },
      "original": {
        "owner": "NickvanDyke",
        "repo": "opencode.nvim",
        "type": "github"
      }
    },
    "plugins-rustaceanvim": {
      "flake": false,
      "locked": {
        "lastModified": 1776127731,
        "narHash": "sha256-EGqiWfdBM4GYF6LvUQ7i3RasImtEZAIlSUj+mOIPZTY=",
        "owner": "mrcjkb",
        "repo": "rustaceanvim",
        "rev": "f95309a90295be99644efc46fa8127336d21730c",
        "type": "github"
      },
      "original": {
        "owner": "mrcjkb",
        "repo": "rustaceanvim",
        "type": "github"
      }
    },
    "plugins-shelua": {
      "flake": false,
      "locked": {
        "lastModified": 1776133122,
        "narHash": "sha256-urGLEtqmkoDmFAjYSZmS/VUjmOtHZLUNURfomwk8318=",
        "owner": "BirdeeHub",
        "repo": "shelua",
        "rev": "3b6df6953963022ffe6c89876593a8122eec965e",
        "type": "github"
      },
      "original": {
        "owner": "BirdeeHub",
        "repo": "shelua",
        "type": "github"
      }
    },
    "plugins-snacks-nvim": {
      "flake": false,
      "locked": {
        "lastModified": 1774083139,
        "narHash": "sha256-7lDH1JlTM+H/LWjMlAQPNY6A+xmS/cp+wChy4buGYIU=",
        "owner": "folke",
        "repo": "snacks.nvim",
        "rev": "ad9ede6a9cddf16cedbd31b8932d6dcdee9b716e",
        "type": "github"
      },
      "original": {
        "owner": "folke",
        "repo": "snacks.nvim",
        "type": "github"
      }
    },
    "plugins-tmux-navigate": {
      "flake": false,
      "locked": {
        "lastModified": 1665505688,
        "narHash": "sha256-Rn/rIbFx2zCyzvLZmbf7q1nF97Yi9dONUDv1QDcscxo=",
        "owner": "sunaku",
        "repo": "tmux-navigate",
        "rev": "27c83cd229bceff55e6318cce7945995623a6106",
        "type": "github"
      },
      "original": {
        "owner": "sunaku",
        "repo": "tmux-navigate",
        "type": "github"
      }
    },
    "plugins-visual-whitespace": {
      "flake": false,
      "locked": {
        "lastModified": 1771715155,
        "narHash": "sha256-svKfA9p6WC6k3kbxG4TJxe2r0xpRPdbNTVk2PZcPAiY=",
        "owner": "mcauley-penney",
        "repo": "visual-whitespace.nvim",
        "rev": "49ff2b1c572ed7033a584381fa23aad2bf3bb258",
        "type": "github"
      },
      "original": {
        "owner": "mcauley-penney",
        "repo": "visual-whitespace.nvim",
        "type": "github"
      }
    },
    "roc": {
      "inputs": {
        "flake-compat": "flake-compat_2",
        "flake-utils": [
          "flake-utils"
        ],
        "nixpkgs": "nixpkgs_2",
        "rust-overlay": "rust-overlay"
      },
      "locked": {
        "lastModified": 1776069450,
        "narHash": "sha256-j55rAhP96kxQx0gdayCfS8Edk6UxYzmAfWwF43L7nZ8=",
        "owner": "roc-lang",
        "repo": "roc",
        "rev": "766f9f15b95bb3808cc955f0b1a29cc44e5a2f71",
        "type": "github"
      },
      "original": {
        "owner": "roc-lang",
        "repo": "roc",
        "type": "github"
      }
    },
    "root": {
      "inputs": {
        "fenix": "fenix",
        "flake-parts": "flake-parts",
        "flake-utils": "flake-utils",
        "juan-logs-src": "juan-logs-src",
        "neovim-nightly-overlay": "neovim-nightly-overlay",
        "nix-appimage": "nix-appimage",
        "nixpkgs": "nixpkgs",
        "plugins-argmark": "plugins-argmark",
        "plugins-fn_finder": "plugins-fn_finder",
        "plugins-lze": "plugins-lze",
        "plugins-lzextras": "plugins-lzextras",
        "plugins-nvim-lspconfig": "plugins-nvim-lspconfig",
        "plugins-nvim-luaref": "plugins-nvim-luaref",
        "plugins-opencode-nvim": "plugins-opencode-nvim",
        "plugins-rustaceanvim": "plugins-rustaceanvim",
        "plugins-shelua": "plugins-shelua",
        "plugins-snacks-nvim": "plugins-snacks-nvim",
        "plugins-tmux-navigate": "plugins-tmux-navigate",
        "plugins-visual-whitespace": "plugins-visual-whitespace",
        "roc": "roc",
        "templ": "templ",
        "tomlua": "tomlua",
        "topiary": "topiary",
        "wrappers": "wrappers"
      }
    },
    "rust-analyzer-src": {
      "flake": false,
      "locked": {
        "lastModified": 1775979430,
        "narHash": "sha256-LryjOOjPsZ6Hs3RlVHla6MV8uxO2GoZolF0I/eB5zFM=",
        "owner": "rust-lang",
        "repo": "rust-analyzer",
        "rev": "7b6e1249b7320e16792e31ce67bb2e5f4acd6a8b",
        "type": "github"
      },
      "original": {
        "owner": "rust-lang",
        "ref": "nightly",
        "repo": "rust-analyzer",
        "type": "github"
      }
    },
    "rust-overlay": {
      "inputs": {
        "nixpkgs": [
          "roc",
          "nixpkgs"
        ]
      },
      "locked": {
        "lastModified": 1736303309,
        "narHash": "sha256-IKrk7RL+Q/2NC6+Ql6dwwCNZI6T6JH2grTdJaVWHF0A=",
        "owner": "oxalica",
        "repo": "rust-overlay",
        "rev": "a0b81d4fa349d9af1765b0f0b4a899c13776f706",
        "type": "github"
      },
      "original": {
        "owner": "oxalica",
        "repo": "rust-overlay",
        "type": "github"
      }
    },
    "rust-overlay_2": {
      "inputs": {
        "nixpkgs": "nixpkgs_4"
      },
      "locked": {
        "lastModified": 1769396217,
        "narHash": "sha256-YNzh46h8fby49yOIB40lNoQ9ucVoXe1bHVwkZ4AwGe0=",
        "owner": "oxalica",
        "repo": "rust-overlay",
        "rev": "e9bcd12156a577ac4e47d131c14dc0293cc9c8c2",
        "type": "github"
      },
      "original": {
        "owner": "oxalica",
        "repo": "rust-overlay",
        "type": "github"
      }
    },
    "systems": {
      "locked": {
        "lastModified": 1681028828,
        "narHash": "sha256-Vy1rq5AaRuLzOxct8nz4T6wlgyUR7zLU309k9mBC768=",
        "owner": "nix-systems",
        "repo": "default",
        "rev": "da67096a3b9bf56a91d16901293e51ba5b49a27e",
        "type": "github"
      },
      "original": {
        "owner": "nix-systems",
        "repo": "default",
        "type": "github"
      }
    },
    "templ": {
      "inputs": {
        "gitignore": "gitignore",
        "nixpkgs": [
          "nixpkgs"
        ],
        "nixpkgs-unstable": [
          "nixpkgs"
        ],
        "version": "version"
      },
      "locked": {
        "lastModified": 1776121493,
        "narHash": "sha256-eKTEmNeUD07Bli15obPJ/vNJMvGICAhABvcAb5z6P+c=",
        "owner": "a-h",
        "repo": "templ",
        "rev": "8fecf2d46b65db09ef5447594cdfea52c3ecaed0",
        "type": "github"
      },
      "original": {
        "owner": "a-h",
        "repo": "templ",
        "type": "github"
      }
    },
    "tomlua": {
      "inputs": {
        "nixpkgs": [
          "nixpkgs"
        ]
      },
      "locked": {
        "lastModified": 1776133764,
        "narHash": "sha256-oUMZINzYaIpa3dYxtPe9VJtn2ssNl4wcqUA6bVyb2zE=",
        "owner": "BirdeeHub",
        "repo": "tomlua",
        "rev": "d4b1a45910960b3aa916dbd0326a37574b311bfe",
        "type": "github"
      },
      "original": {
        "owner": "BirdeeHub",
        "repo": "tomlua",
        "type": "github"
      }
    },
    "topiary": {
      "inputs": {
        "advisory-db": "advisory-db",
        "crane": "crane",
        "nixpkgs": "nixpkgs_3",
        "rust-overlay": "rust-overlay_2"
      },
      "locked": {
        "lastModified": 1776874439,
        "narHash": "sha256-3FnE21CagsRAcn0xGWE/gwfEQDBTmzSp+/j9pa4vyWI=",
        "ref": "refs/heads/main",
        "rev": "196ab4788c555ee0bf2304d7dcb601ee131fcdf8",
        "revCount": 1319,
        "type": "git",
        "url": "file:/home/birdee/Projects/topiary"
      },
      "original": {
        "type": "git",
        "url": "file:/home/birdee/Projects/topiary"
      }
    },
    "version": {
      "inputs": {
        "nixpkgs": [
          "templ",
          "nixpkgs"
        ]
      },
      "locked": {
        "lastModified": 1749991223,
        "narHash": "sha256-K6OM2m+Bdkbq7MvTIwI1t0aPIwmkLUDeUfev5VHpiwg=",
        "owner": "a-h",
        "repo": "version",
        "rev": "da721166410c6e7e2bea37cf3dee3948b5d0c83f",
        "type": "github"
      },
      "original": {
        "owner": "a-h",
        "ref": "0.0.10",
        "repo": "version",
        "type": "github"
      }
    },
    "wrappers": {
      "inputs": {
        "nixpkgs": [
          "nixpkgs"
        ]
      },
      "locked": {
        "lastModified": 1777158145,
        "narHash": "sha256-xYXjoA5+9aDu/A4Og/89JF8n41b7vca9av1ecyR6dgo=",
        "owner": "BirdeeHub",
        "repo": "nix-wrapper-modules",
        "rev": "fd6d1dc5fdfb1aa39c355f4da36773a972a35721",
        "type": "github"
      },
      "original": {
        "owner": "BirdeeHub",
        "repo": "nix-wrapper-modules",
        "type": "github"
      }
    }
  },
  "root": "root",
  "version": 7
}
